
Microsoft Visual Studio Solution File, Format Version 12.00
# Visual Studio Version 16
VisualStudioVersion = 16.0.29911.98
MinimumVisualStudioVersion = 10.0.40219.1
Project("{FAE04EC0-301F-11D3-BF4B-00C04F79EFBC}") = "Inamsoft.Newskiosk.UWP", "Inamsoft.Newskiosk\Inamsoft.Newskiosk.UWP\Inamsoft.Newskiosk.UWP.csproj", "{F08E4B34-CC78-481E-AD5F-70FCFBD2C919}"
EndProject
Project("{FAE04EC0-301F-11D3-BF4B-00C04F79EFBC}") = "Inamsoft.Newskiosk.Android", "Inamsoft.Newskiosk\Inamsoft.Newskiosk.Android\Inamsoft.Newskiosk.Android.csproj", "{37D6F273-7D76-4EAD-ADB6-B40061C56FDB}"
EndProject
Project("{FAE04EC0-301F-11D3-BF4B-00C04F79EFBC}") = "Inamsoft.Newskiosk.iOS", "Inamsoft.Newskiosk\Inamsoft.Newskiosk.iOS\Inamsoft.Newskiosk.iOS.csproj", "{1A7EDAB6-12AD-4B4E-9162-3304D79A2A4A}"
EndProject
Project("{FAE04EC0-301F-11D3-BF4B-00C04F79EFBC}") = "Inamsoft.Newskiosk.Web", "Inamsoft.Newskiosk\Inamsoft.Newskiosk.Web\Inamsoft.Newskiosk.Web.csproj", "{0B308B2D-5C2D-40D2-AD48-ECC1EFBA6A3B}"
EndProject
Project("{FAE04EC0-301F-11D3-BF4B-00C04F79EFBC}") = "Inamsoft.Newskiosk", "Inamsoft.Newskiosk\Inamsoft.Newskiosk\Inamsoft.Newskiosk.csproj", "{AA819F03-195E-4BD0-824D-7E6B97A623AE}"
EndProject
Global
	GlobalSection(SolutionConfigurationPlatforms) = preSolution
		Debug|Any CPU = Debug|Any CPU
		Debug|ARM = Debug|ARM
		Debug|iPhone = Debug|iPhone
		Debug|iPhoneSimulator = Debug|iPhoneSimulator
		Debug|x64 = Debug|x64
		Debug|x86 = Debug|x86
		Release|Any CPU = Release|Any CPU
		Release|ARM = Release|ARM
		Release|iPhone = Release|iPhone
		Release|iPhoneSimulator = Release|iPhoneSimulator
		Release|x64 = Release|x64
		Release|x86 = Release|x86
	EndGlobalSection
	GlobalSection(ProjectConfigurationPlatforms) = postSolution
		{F08E4B34-CC78-481E-AD5F-70FCFBD2C919}.Debug|Any CPU.ActiveCfg = Debug|x86
		{F08E4B34-CC78-481E-AD5F-70FCFBD2C919}.Debug|Any CPU.Build.0 = Debug|x86
		{F08E4B34-CC78-481E-AD5F-70FCFBD2C919}.Debug|Any CPU.Deploy.0 = Debug|x86
		{F08E4B34-CC78-481E-AD5F-70FCFBD2C919}.Debug|ARM.ActiveCfg = Debug|ARM
		{F08E4B34-CC78-481E-AD5F-70FCFBD2C919}.Debug|ARM.Build.0 = Debug|ARM
		{F08E4B34-CC78-481E-AD5F-70FCFBD2C919}.Debug|ARM.Deploy.0 = Debug|ARM
		{F08E4B34-CC78-481E-AD5F-70FCFBD2C919}.Debug|iPhone.ActiveCfg = Debug|x86
		{F08E4B34-CC78-481E-AD5F-70FCFBD2C919}.Debug|iPhone.Build.0 = Debug|x86
		{F08E4B34-CC78-481E-AD5F-70FCFBD2C919}.Debug|iPhone.Deploy.0 = Debug|x86
		{F08E4B34-CC78-481E-AD5F-70FCFBD2C919}.Debug|iPhoneSimulator.ActiveCfg = Debug|x86
		{F08E4B34-CC78-481E-AD5F-70FCFBD2C919}.Debug|iPhoneSimulator.Build.0 = Debug|x86
		{F08E4B34-CC78-481E-AD5F-70FCFBD2C919}.Debug|iPhoneSimulator.Deploy.0 = Debug|x86
		{F08E4B34-CC78-481E-AD5F-70FCFBD2C919}.Debug|x64.ActiveCfg = Debug|x64
		{F08E4B34-CC78-481E-AD5F-70FCFBD2C919}.Debug|x64.Build.0 = Debug|x64
		{F08E4B34-CC78-481E-AD5F-70FCFBD2C919}.Debug|x64.Deploy.0 = Debug|x64
		{F08E4B34-CC78-481E-AD5F-70FCFBD2C919}.Debug|x86.ActiveCfg = Debug|x86
		{F08E4B34-CC78-481E-AD5F-70FCFBD2C919}.Debug|x86.Build.0 = Debug|x86
		{F08E4B34-CC78-481E-AD5F-70FCFBD2C919}.Debug|x86.Deploy.0 = Debug|x86
		{F08E4B34-CC78-481E-AD5F-70FCFBD2C919}.Release|Any CPU.ActiveCfg = Release|x86
		{F08E4B34-CC78-481E-AD5F-70FCFBD2C919}.Release|Any CPU.Build.0 = Release|x86
		{F08E4B34-CC78-481E-AD5F-70FCFBD2C919}.Release|Any CPU.Deploy.0 = Release|x86
		{F08E4B34-CC78-481E-AD5F-70FCFBD2C919}.Release|ARM.ActiveCfg = Release|ARM
		{F08E4B34-CC78-481E-AD5F-70FCFBD2C919}.Release|ARM.Build.0 = Release|ARM
		{F08E4B34-CC78-481E-AD5F-70FCFBD2C919}.Release|ARM.Deploy.0 = Release|ARM
		{F08E4B34-CC78-481E-AD5F-70FCFBD2C919}.Release|iPhone.ActiveCfg = Release|x86
		{F08E4B34-CC78-481E-AD5F-70FCFBD2C919}.Release|iPhone.Build.0 = Release|x86
		{F08E4B34-CC78-481E-AD5F-70FCFBD2C919}.Release|iPhone.Deploy.0 = Release|x86
		{F08E4B34-CC78-481E-AD5F-70FCFBD2C919}.Release|iPhoneSimulator.ActiveCfg = Release|x86
		{F08E4B34-CC78-481E-AD5F-70FCFBD2C919}.Release|iPhoneSimulator.Build.0 = Release|x86
		{F08E4B34-CC78-481E-AD5F-70FCFBD2C919}.Release|iPhoneSimulator.Deploy.0 = Release|x86
		{F08E4B34-CC78-481E-AD5F-70FCFBD2C919}.Release|x64.ActiveCfg = Release|x64
		{F08E4B34-CC78-481E-AD5F-70FCFBD2C919}.Release|x64.Build.0 = Release|x64
		{F08E4B34-CC78-481E-AD5F-70FCFBD2C919}.Release|x64.Deploy.0 = Release|x64
		{F08E4B34-CC78-481E-AD5F-70FCFBD2C919}.Release|x86.ActiveCfg = Release|x86
		{F08E4B34-CC78-481E-AD5F-70FCFBD2C919}.Release|x86.Build.0 = Release|x86
		{F08E4B34-CC78-481E-AD5F-70FCFBD2C919}.Release|x86.Deploy.0 = Release|x86
		{37D6F273-7D76-4EAD-ADB6-B40061C56FDB}.Debug|Any CPU.ActiveCfg = Debug|Any CPU
		{37D6F273-7D76-4EAD-ADB6-B40061C56FDB}.Debug|Any CPU.Build.0 = Debug|Any CPU
		{37D6F273-7D76-4EAD-ADB6-B40061C56FDB}.Debug|Any CPU.Deploy.0 = Debug|Any CPU
		{37D6F273-7D76-4EAD-ADB6-B40061C56FDB}.Debug|ARM.ActiveCfg = Debug|Any CPU
		{37D6F273-7D76-4EAD-ADB6-B40061C56FDB}.Debug|ARM.Build.0 = Debug|Any CPU
		{37D6F273-7D76-4EAD-ADB6-B40061C56FDB}.Debug|ARM.Deploy.0 = Debug|Any CPU
		{37D6F273-7D76-4EAD-ADB6-B40061C56FDB}.Debug|iPhone.ActiveCfg = Debug|Any CPU
		{37D6F273-7D76-4EAD-ADB6-B40061C56FDB}.Debug|iPhone.Build.0 = Debug|Any CPU
		{37D6F273-7D76-4EAD-ADB6-B40061C56FDB}.Debug|iPhone.Deploy.0 = Debug|Any CPU
		{37D6F273-7D76-4EAD-ADB6-B40061C56FDB}.Debug|iPhoneSimulator.ActiveCfg = Debug|Any CPU
		{37D6F273-7D76-4EAD-ADB6-B40061C56FDB}.Debug|iPhoneSimulator.Build.0 = Debug|Any CPU
		{37D6F273-7D76-4EAD-ADB6-B40061C56FDB}.Debug|iPhoneSimulator.Deploy.0 = Debug|Any CPU
		{37D6F273-7D76-4EAD-ADB6-B40061C56FDB}.Debug|x64.ActiveCfg = Debug|Any CPU
		{37D6F273-7D76-4EAD-ADB6-B40061C56FDB}.Debug|x64.Build.0 = Debug|Any CPU
		{37D6F273-7D76-4EAD-ADB6-B40061C56FDB}.Debug|x64.Deploy.0 = Debug|Any CPU
		{37D6F273-7D76-4EAD-ADB6-B40061C56FDB}.Debug|x86.ActiveCfg = Debug|Any CPU
		{37D6F273-7D76-4EAD-ADB6-B40061C56FDB}.Debug|x86.Build.0 = Debug|Any CPU
		{37D6F273-7D76-4EAD-ADB6-B40061C56FDB}.Debug|x86.Deploy.0 = Debug|Any CPU
		{37D6F273-7D76-4EAD-ADB6-B40061C56FDB}.Release|Any CPU.ActiveCfg = Release|Any CPU
		{37D6F273-7D76-4EAD-ADB6-B40061C56FDB}.Release|Any CPU.Build.0 = Release|Any CPU
		{37D6F273-7D76-4EAD-ADB6-B40061C56FDB}.Release|Any CPU.Deploy.0 = Release|Any CPU
		{37D6F273-7D76-4EAD-ADB6-B40061C56FDB}.Release|ARM.ActiveCfg = Release|Any CPU
		{37D6F273-7D76-4EAD-ADB6-B40061C56FDB}.Release|ARM.Build.0 = Release|Any CPU
		{37D6F273-7D76-4EAD-ADB6-B40061C56FDB}.Release|ARM.Deploy.0 = Release|Any CPU
		{37D6F273-7D76-4EAD-ADB6-B40061C56FDB}.Release|iPhone.ActiveCfg = Release|Any CPU
		{37D6F273-7D76-4EAD-ADB6-B40061C56FDB}.Release|iPhone.Build.0 = Release|Any CPU
		{37D6F273-7D76-4EAD-ADB6-B40061C56FDB}.Release|iPhone.Deploy.0 = Release|Any CPU
		{37D6F273-7D76-4EAD-ADB6-B40061C56FDB}.Release|iPhoneSimulator.ActiveCfg = Release|Any CPU
		{37D6F273-7D76-4EAD-ADB6-B40061C56FDB}.Release|iPhoneSimulator.Build.0 = Release|Any CPU
		{37D6F273-7D76-4EAD-ADB6-B40061C56FDB}.Release|iPhoneSimulator.Deploy.0 = Release|Any CPU
		{37D6F273-7D76-4EAD-ADB6-B40061C56FDB}.Release|x64.ActiveCfg = Release|Any CPU
		{37D6F273-7D76-4EAD-ADB6-B40061C56FDB}.Release|x64.Build.0 = Release|Any CPU
		{37D6F273-7D76-4EAD-ADB6-B40061C56FDB}.Release|x64.Deploy.0 = Release|Any CPU
		{37D6F273-7D76-4EAD-ADB6-B40061C56FDB}.Release|x86.ActiveCfg = Release|Any CPU
		{37D6F273-7D76-4EAD-ADB6-B40061C56FDB}.Release|x86.Build.0 = Release|Any CPU
		{37D6F273-7D76-4EAD-ADB6-B40061C56FDB}.Release|x86.Deploy.0 = Release|Any CPU
		{1A7EDAB6-12AD-4B4E-9162-3304D79A2A4A}.Debug|Any CPU.ActiveCfg = Debug|iPhone
		{1A7EDAB6-12AD-4B4E-9162-3304D79A2A4A}.Debug|Any CPU.Build.0 = Debug|iPhone
		{1A7EDAB6-12AD-4B4E-9162-3304D79A2A4A}.Debug|Any CPU.Deploy.0 = Debug|iPhone
		{1A7EDAB6-12AD-4B4E-9162-3304D79A2A4A}.Debug|ARM.ActiveCfg = Debug|iPhone
		{1A7EDAB6-12AD-4B4E-9162-3304D79A2A4A}.Debug|ARM.Build.0 = Debug|iPhone
		{1A7EDAB6-12AD-4B4E-9162-3304D79A2A4A}.Debug|ARM.Deploy.0 = Debug|iPhone
		{1A7EDAB6-12AD-4B4E-9162-3304D79A2A4A}.Debug|iPhone.ActiveCfg = Debug|iPhone
		{1A7EDAB6-12AD-4B4E-9162-3304D79A2A4A}.Debug|iPhone.Build.0 = Debug|iPhone
		{1A7EDAB6-12AD-4B4E-9162-3304D79A2A4A}.Debug|iPhone.Deploy.0 = Debug|iPhone
		{1A7EDAB6-12AD-4B4E-9162-3304D79A2A4A}.Debug|iPhoneSimulator.ActiveCfg = Debug|iPhoneSimulator
		{1A7EDAB6-12AD-4B4E-9162-3304D79A2A4A}.Debug|iPhoneSimulator.Build.0 = Debug|iPhoneSimulator
		{1A7EDAB6-12AD-4B4E-9162-3304D79A2A4A}.Debug|iPhoneSimulator.Deploy.0 = Debug|iPhoneSimulator
		{1A7EDAB6-12AD-4B4E-9162-3304D79A2A4A}.Debug|x64.ActiveCfg = Debug|iPhone
		{1A7EDAB6-12AD-4B4E-9162-3304D79A2A4A}.Debug|x64.Build.0 = Debug|iPhone
		{1A7EDAB6-12AD-4B4E-9162-3304D79A2A4A}.Debug|x64.Deploy.0 = Debug|iPhone
		{1A7EDAB6-12AD-4B4E-9162-3304D79A2A4A}.Debug|x86.ActiveCfg = Debug|iPhone
		{1A7EDAB6-12AD-4B4E-9162-3304D79A2A4A}.Debug|x86.Build.0 = Debug|iPhone
		{1A7EDAB6-12AD-4B4E-9162-3304D79A2A4A}.Debug|x86.Deploy.0 = Debug|iPhone
		{1A7EDAB6-12AD-4B4E-9162-3304D79A2A4A}.Release|Any CPU.ActiveCfg = Release|iPhone
		{1A7EDAB6-12AD-4B4E-9162-3304D79A2A4A}.Release|Any CPU.Build.0 = Release|iPhone
		{1A7EDAB6-12AD-4B4E-9162-3304D79A2A4A}.Release|Any CPU.Deploy.0 = Release|iPhone
		{1A7EDAB6-12AD-4B4E-9162-3304D79A2A4A}.Release|ARM.ActiveCfg = Release|iPhone
		{1A7EDAB6-12AD-4B4E-9162-3304D79A2A4A}.Release|ARM.Build.0 = Release|iPhone
		{1A7EDAB6-12AD-4B4E-9162-3304D79A2A4A}.Release|ARM.Deploy.0 = Release|iPhone
		{1A7EDAB6-12AD-4B4E-9162-3304D79A2A4A}.Release|iPhone.ActiveCfg = Release|iPhone
		{1A7EDAB6-12AD-4B4E-9162-3304D79A2A4A}.Release|iPhone.Build.0 = Release|iPhone
		{1A7EDAB6-12AD-4B4E-9162-3304D79A2A4A}.Release|iPhone.Deploy.0 = Release|iPhone
		{1A7EDAB6-12AD-4B4E-9162-3304D79A2A4A}.Release|iPhoneSimulator.ActiveCfg = Release|iPhoneSimulator
		{1A7EDAB6-12AD-4B4E-9162-3304D79A2A4A}.Release|iPhoneSimulator.Build.0 = Release|iPhoneSimulator
		{1A7EDAB6-12AD-4B4E-9162-3304D79A2A4A}.Release|iPhoneSimulator.Deploy.0 = Release|iPhoneSimulator
		{1A7EDAB6-12AD-4B4E-9162-3304D79A2A4A}.Release|x64.ActiveCfg = Release|iPhone
		{1A7EDAB6-12AD-4B4E-9162-3304D79A2A4A}.Release|x64.Build.0 = Release|iPhone
		{1A7EDAB6-12AD-4B4E-9162-3304D79A2A4A}.Release|x64.Deploy.0 = Release|iPhone
		{1A7EDAB6-12AD-4B4E-9162-3304D79A2A4A}.Release|x86.ActiveCfg = Release|iPhone
		{1A7EDAB6-12AD-4B4E-9162-3304D79A2A4A}.Release|x86.Build.0 = Release|iPhone
		{1A7EDAB6-12AD-4B4E-9162-3304D79A2A4A}.Release|x86.Deploy.0 = Release|iPhone
		{0B308B2D-5C2D-40D2-AD48-ECC1EFBA6A3B}.Debug|Any CPU.ActiveCfg = Debug|Any CPU
		{0B308B2D-5C2D-40D2-AD48-ECC1EFBA6A3B}.Debug|Any CPU.Build.0 = Debug|Any CPU
		{0B308B2D-5C2D-40D2-AD48-ECC1EFBA6A3B}.Debug|Any CPU.Deploy.0 = Debug|Any CPU
		{0B308B2D-5C2D-40D2-AD48-ECC1EFBA6A3B}.Debug|ARM.ActiveCfg = Debug|Any CPU
		{0B308B2D-5C2D-40D2-AD48-ECC1EFBA6A3B}.Debug|ARM.Build.0 = Debug|Any CPU
		{0B308B2D-5C2D-40D2-AD48-ECC1EFBA6A3B}.Debug|ARM.Deploy.0 = Debug|Any CPU
		{0B308B2D-5C2D-40D2-AD48-ECC1EFBA6A3B}.Debug|iPhone.ActiveCfg = Debug|Any CPU
		{0B308B2D-5C2D-40D2-AD48-ECC1EFBA6A3B}.Debug|iPhone.Build.0 = Debug|Any CPU
		{0B308B2D-5C2D-40D2-AD48-ECC1EFBA6A3B}.Debug|iPhone.Deploy.0 = Debug|Any CPU
		{0B308B2D-5C2D-40D2-AD48-ECC1EFBA6A3B}.Debug|iPhoneSimulator.ActiveCfg = Debug|Any CPU
		{0B308B2D-5C2D-40D2-AD48-ECC1EFBA6A3B}.Debug|iPhoneSimulator.Build.0 = Debug|Any CPU
		{0B308B2D-5C2D-40D2-AD48-ECC1EFBA6A3B}.Debug|iPhoneSimulator.Deploy.0 = Debug|Any CPU
		{0B308B2D-5C2D-40D2-AD48-ECC1EFBA6A3B}.Debug|x64.ActiveCfg = Debug|Any CPU
		{0B308B2D-5C2D-40D2-AD48-ECC1EFBA6A3B}.Debug|x64.Build.0 = Debug|Any CPU
		{0B308B2D-5C2D-40D2-AD48-ECC1EFBA6A3B}.Debug|x64.Deploy.0 = Debug|Any CPU
		{0B308B2D-5C2D-40D2-AD48-ECC1EFBA6A3B}.Debug|x86.ActiveCfg = Debug|Any CPU
		{0B308B2D-5C2D-40D2-AD48-ECC1EFBA6A3B}.Debug|x86.Build.0 = Debug|Any CPU
		{0B308B2D-5C2D-40D2-AD48-ECC1EFBA6A3B}.Debug|x86.Deploy.0 = Debug|Any CPU
		{0B308B2D-5C2D-40D2-AD48-ECC1EFBA6A3B}.Release|Any CPU.ActiveCfg = Release|Any CPU
		{0B308B2D-5C2D-40D2-AD48-ECC1EFBA6A3B}.Release|Any CPU.Build.0 = Release|Any CPU
		{0B308B2D-5C2D-40D2-AD48-ECC1EFBA6A3B}.Release|Any CPU.Deploy.0 = Release|Any CPU
		{0B308B2D-5C2D-40D2-AD48-ECC1EFBA6A3B}.Release|ARM.ActiveCfg = Release|Any CPU
		{0B308B2D-5C2D-40D2-AD48-ECC1EFBA6A3B}.Release|ARM.Build.0 = Release|Any CPU
		{0B308B2D-5C2D-40D2-AD48-ECC1EFBA6A3B}.Release|ARM.Deploy.0 = Release|Any CPU
		{0B308B2D-5C2D-40D2-AD48-ECC1EFBA6A3B}.Release|iPhone.ActiveCfg = Release|Any CPU
		{0B308B2D-5C2D-40D2-AD48-ECC1EFBA6A3B}.Release|iPhone.Build.0 = Release|Any CPU
		{0B308B2D-5C2D-40D2-AD48-ECC1EFBA6A3B}.Release|iPhone.Deploy.0 = Release|Any CPU
		{0B308B2D-5C2D-40D2-AD48-ECC1EFBA6A3B}.Release|iPhoneSimulator.ActiveCfg = Release|Any CPU
		{0B308B2D-5C2D-40D2-AD48-ECC1EFBA6A3B}.Release|iPhoneSimulator.Build.0 = Release|Any CPU
		{0B308B2D-5C2D-40D2-AD48-ECC1EFBA6A3B}.Release|iPhoneSimulator.Deploy.0 = Release|Any CPU
		{0B308B2D-5C2D-40D2-AD48-ECC1EFBA6A3B}.Release|x64.ActiveCfg = Release|Any CPU
		{0B308B2D-5C2D-40D2-AD48-ECC1EFBA6A3B}.Release|x64.Build.0 = Release|Any CPU
		{0B308B2D-5C2D-40D2-AD48-ECC1EFBA6A3B}.Release|x64.Deploy.0 = Release|Any CPU
		{0B308B2D-5C2D-40D2-AD48-ECC1EFBA6A3B}.Release|x86.ActiveCfg = Release|Any CPU
		{0B308B2D-5C2D-40D2-AD48-ECC1EFBA6A3B}.Release|x86.Build.0 = Release|Any CPU
		{0B308B2D-5C2D-40D2-AD48-ECC1EFBA6A3B}.Release|x86.Deploy.0 = Release|Any CPU
		{AA819F03-195E-4BD0-824D-7E6B97A623AE}.Debug|Any CPU.ActiveCfg = Debug|Any CPU
		{AA819F03-195E-4BD0-824D-7E6B97A623AE}.Debug|Any CPU.Build.0 = Debug|Any CPU
		{AA819F03-195E-4BD0-824D-7E6B97A623AE}.Debug|Any CPU.Deploy.0 = Debug|Any CPU
		{AA819F03-195E-4BD0-824D-7E6B97A623AE}.Debug|ARM.ActiveCfg = Debug|Any CPU
		{AA819F03-195E-4BD0-824D-7E6B97A623AE}.Debug|ARM.Build.0 = Debug|Any CPU
		{AA819F03-195E-4BD0-824D-7E6B97A623AE}.Debug|ARM.Deploy.0 = Debug|Any CPU
		{AA819F03-195E-4BD0-824D-7E6B97A623AE}.Debug|iPhone.ActiveCfg = Debug|Any CPU
		{AA819F03-195E-4BD0-824D-7E6B97A623AE}.Debug|iPhone.Build.0 = Debug|Any CPU
		{AA819F03-195E-4BD0-824D-7E6B97A623AE}.Debug|iPhone.Deploy.0 = Debug|Any CPU
		{AA819F03-195E-4BD0-824D-7E6B97A623AE}.Debug|iPhoneSimulator.ActiveCfg = Debug|Any CPU
		{AA819F03-195E-4BD0-824D-7E6B97A623AE}.Debug|iPhoneSimulator.Build.0 = Debug|Any CPU
		{AA819F03-195E-4BD0-824D-7E6B97A623AE}.Debug|iPhoneSimulator.Deploy.0 = Debug|Any CPU
		{AA819F03-195E-4BD0-824D-7E6B97A623AE}.Debug|x64.ActiveCfg = Debug|Any CPU
		{AA819F03-195E-4BD0-824D-7E6B97A623AE}.Debug|x64.Build.0 = Debug|Any CPU
		{AA819F03-195E-4BD0-824D-7E6B97A623AE}.Debug|x64.Deploy.0 = Debug|Any CPU
		{AA819F03-195E-4BD0-824D-7E6B97A623AE}.Debug|x86.ActiveCfg = Debug|Any CPU
		{AA819F03-195E-4BD0-824D-7E6B97A623AE}.Debug|x86.Build.0 = Debug|Any CPU
		{AA819F03-195E-4BD0-824D-7E6B97A623AE}.Debug|x86.Deploy.0 = Debug|Any CPU
		{AA819F03-195E-4BD0-824D-7E6B97A623AE}.Release|Any CPU.ActiveCfg = Release|Any CPU
		{AA819F03-195E-4BD0-824D-7E6B97A623AE}.Release|Any CPU.Build.0 = Release|Any CPU
		{AA819F03-195E-4BD0-824D-7E6B97A623AE}.Release|Any CPU.Deploy.0 = Release|Any CPU
		{AA819F03-195E-4BD0-824D-7E6B97A623AE}.Release|ARM.ActiveCfg = Release|Any CPU
		{AA819F03-195E-4BD0-824D-7E6B97A623AE}.Release|ARM.Build.0 = Release|Any CPU
		{AA819F03-195E-4BD0-824D-7E6B97A623AE}.Release|ARM.Deploy.0 = Release|Any CPU
		{AA819F03-195E-4BD0-824D-7E6B97A623AE}.Release|iPhone.ActiveCfg = Release|Any CPU
		{AA819F03-195E-4BD0-824D-7E6B97A623AE}.Release|iPhone.Build.0 = Release|Any CPU
		{AA819F03-195E-4BD0-824D-7E6B97A623AE}.Release|iPhone.Deploy.0 = Release|Any CPU
		{AA819F03-195E-4BD0-824D-7E6B97A623AE}.Release|iPhoneSimulator.ActiveCfg = Release|Any CPU
		{AA819F03-195E-4BD0-824D-7E6B97A623AE}.Release|iPhoneSimulator.Build.0 = Release|Any CPU
		{AA819F03-195E-4BD0-824D-7E6B97A623AE}.Release|iPhoneSimulator.Deploy.0 = Release|Any CPU
		{AA819F03-195E-4BD0-824D-7E6B97A623AE}.Release|x64.ActiveCfg = Release|Any CPU
		{AA819F03-195E-4BD0-824D-7E6B97A623AE}.Release|x64.Build.0 = Release|Any CPU
		{AA819F03-195E-4BD0-824D-7E6B97A623AE}.Release|x64.Deploy.0 = Release|Any CPU
		{AA819F03-195E-4BD0-824D-7E6B97A623AE}.Release|x86.ActiveCfg = Release|Any CPU
		{AA819F03-195E-4BD0-824D-7E6B97A623AE}.Release|x86.Build.0 = Release|Any CPU
		{AA819F03-195E-4BD0-824D-7E6B97A623AE}.Release|x86.Deploy.0 = Release|Any CPU
	EndGlobalSection
	GlobalSection(SolutionProperties) = preSolution
		HideSolutionNode = FALSE
	EndGlobalSection
	GlobalSection(ExtensibilityGlobals) = postSolution
		SolutionGuid = {725928DA-3CAD-41A4-A366-32D998817895}
	EndGlobalSection
EndGlobal
